
Microsoft Visual Studio Solution File, Format Version 12.00
# Visual Studio Version 17
VisualStudioVersion = 17.1.32228.430
MinimumVisualStudioVersion = 10.0.40219.1
Project("{FAE04EC0-301F-11D3-BF4B-00C04F79EFBC}") = "EjemplosWindowsForm", "EjemplosWindowsForm\EjemplosWindowsForm.csproj", "{87CFF26D-7026-4A37-AE45-C0D1315A5F36}"
EndProject
Global
	GlobalSection(SolutionConfigurationPlatforms) = preSolution
		Debug|Any CPU = Debug|Any CPU
		Release|Any CPU = Release|Any CPU
	EndGlobalSection
	GlobalSection(ProjectConfigurationPlatforms) = postSolution
		{87CFF26D-7026-4A37-AE45-C0D1315A5F36}.Debug|Any CPU.ActiveCfg = Debug|Any CPU
		{87CFF26D-7026-4A37-AE45-C0D1315A5F36}.Debug|Any CPU.Build.0 = Debug|Any CPU
		{87CFF26D-7026-4A37-AE45-C0D1315A5F36}.Release|Any CPU.ActiveCfg = Release|Any CPU
		{87CFF26D-7026-4A37-AE45-C0D1315A5F36}.Release|Any CPU.Build.0 = Release|Any CPU
	EndGlobalSection
	GlobalSection(SolutionProperties) = preSolution
		HideSolutionNode = FALSE
	EndGlobalSection
	GlobalSection(ExtensibilityGlobals) = postSolution
		SolutionGuid = {C4D2EE40-F3D9-4901-B3BF-36789EDE9B04}
	EndGlobalSection
EndGlobal
